
Microsoft Visual Studio Solution File, Format Version 12.00
# Visual Studio 2012
Project("{FAE04EC0-301F-11D3-BF4B-00C04F79EFBC}") = "ProductsInvntory", "ProductsInvntory\ProductsInvntory.csproj", "{5289DE0F-A66B-4374-BCE4-DAEA9A2BFB0D}"
EndProject
Project("{FAE04EC0-301F-11D3-BF4B-00C04F79EFBC}") = "ClientApp", "ClientApp\ClientApp.csproj", "{01E7FDA6-E212-4747-A934-CDD7D2ECF4C3}"
EndProject
Global
	GlobalSection(SolutionConfigurationPlatforms) = preSolution
		Debug|Any CPU = Debug|Any CPU
		Release|Any CPU = Release|Any CPU
	EndGlobalSection
	GlobalSection(ProjectConfigurationPlatforms) = postSolution
		{5289DE0F-A66B-4374-BCE4-DAEA9A2BFB0D}.Debug|Any CPU.ActiveCfg = Debug|Any CPU
		{5289DE0F-A66B-4374-BCE4-DAEA9A2BFB0D}.Debug|Any CPU.Build.0 = Debug|Any CPU
		{5289DE0F-A66B-4374-BCE4-DAEA9A2BFB0D}.Release|Any CPU.ActiveCfg = Release|Any CPU
		{5289DE0F-A66B-4374-BCE4-DAEA9A2BFB0D}.Release|Any CPU.Build.0 = Release|Any CPU
		{01E7FDA6-E212-4747-A934-CDD7D2ECF4C3}.Debug|Any CPU.ActiveCfg = Debug|Any CPU
		{01E7FDA6-E212-4747-A934-CDD7D2ECF4C3}.Debug|Any CPU.Build.0 = Debug|Any CPU
		{01E7FDA6-E212-4747-A934-CDD7D2ECF4C3}.Release|Any CPU.ActiveCfg = Release|Any CPU
		{01E7FDA6-E212-4747-A934-CDD7D2ECF4C3}.Release|Any CPU.Build.0 = Release|Any CPU
	EndGlobalSection
	GlobalSection(SolutionProperties) = preSolution
		HideSolutionNode = FALSE
	EndGlobalSection
EndGlobal
